// !$*UTF8*$!
{
	archiveVersion = 1;
	classes = {
	};
	objectVersion = 46;
	objects = {

/* Begin PBXBuildFile section */
		264BEF50DFAD64636FD78C90 /* libPods.a in Frameworks */ = {isa = PBXBuildFile; fileRef = EA76A1D9EFDF47BC55865E2D /* libPods.a */; };
		E00F87DE1AA28B6700C1D4A9 /* ComposeCommentView.m in Sources */ = {isa = PBXBuildFile; fileRef = E00F87DD1AA28B6700C1D4A9 /* ComposeCommentView.m */; };
		E04A80021AA135440024978F /* CircleSpinnerView.m in Sources */ = {isa = PBXBuildFile; fileRef = E04A80011AA135440024978F /* CircleSpinnerView.m */; };
		E04A80051AA138600024978F /* LikeButton.m in Sources */ = {isa = PBXBuildFile; fileRef = E04A80041AA138600024978F /* LikeButton.m */; };
		E054E8CD1A97CB3B00F397A8 /* main.m in Sources */ = {isa = PBXBuildFile; fileRef = E054E8CC1A97CB3B00F397A8 /* main.m */; };
		E054E8D01A97CB3B00F397A8 /* AppDelegate.m in Sources */ = {isa = PBXBuildFile; fileRef = E054E8CF1A97CB3B00F397A8 /* AppDelegate.m */; };
		E054E8D31A97CB3B00F397A8 /* ViewController.m in Sources */ = {isa = PBXBuildFile; fileRef = E054E8D21A97CB3B00F397A8 /* ViewController.m */; };
		E054E8D81A97CB3B00F397A8 /* Images.xcassets in Resources */ = {isa = PBXBuildFile; fileRef = E054E8D71A97CB3B00F397A8 /* Images.xcassets */; };
		E054E8DB1A97CB3B00F397A8 /* LaunchScreen.xib in Resources */ = {isa = PBXBuildFile; fileRef = E054E8D91A97CB3B00F397A8 /* LaunchScreen.xib */; };
		E054E8E71A97CB3B00F397A8 /* BlocstagramTests.m in Sources */ = {isa = PBXBuildFile; fileRef = E054E8E61A97CB3B00F397A8 /* BlocstagramTests.m */; };
		E054E8FB1A97CBD300F397A8 /* 1.jpg in Resources */ = {isa = PBXBuildFile; fileRef = E054E8F11A97CBD300F397A8 /* 1.jpg */; };
		E054E8FC1A97CBD300F397A8 /* 2.jpg in Resources */ = {isa = PBXBuildFile; fileRef = E054E8F21A97CBD300F397A8 /* 2.jpg */; };
		E054E8FD1A97CBD300F397A8 /* 3.jpg in Resources */ = {isa = PBXBuildFile; fileRef = E054E8F31A97CBD300F397A8 /* 3.jpg */; };
		E054E8FE1A97CBD300F397A8 /* 4.jpg in Resources */ = {isa = PBXBuildFile; fileRef = E054E8F41A97CBD300F397A8 /* 4.jpg */; };
		E054E8FF1A97CBD300F397A8 /* 5.jpg in Resources */ = {isa = PBXBuildFile; fileRef = E054E8F51A97CBD300F397A8 /* 5.jpg */; };
		E054E9001A97CBD300F397A8 /* 6.jpg in Resources */ = {isa = PBXBuildFile; fileRef = E054E8F61A97CBD300F397A8 /* 6.jpg */; };
		E054E9011A97CBD300F397A8 /* 7.jpg in Resources */ = {isa = PBXBuildFile; fileRef = E054E8F71A97CBD300F397A8 /* 7.jpg */; };
		E054E9021A97CBD300F397A8 /* 8.jpg in Resources */ = {isa = PBXBuildFile; fileRef = E054E8F81A97CBD300F397A8 /* 8.jpg */; };
		E054E9031A97CBD300F397A8 /* 9.jpg in Resources */ = {isa = PBXBuildFile; fileRef = E054E8F91A97CBD300F397A8 /* 9.jpg */; };
		E054E9041A97CBD300F397A8 /* 10.jpg in Resources */ = {isa = PBXBuildFile; fileRef = E054E8FA1A97CBD300F397A8 /* 10.jpg */; };
		E054E9071A97CC4A00F397A8 /* ImagesTableViewController.m in Sources */ = {isa = PBXBuildFile; fileRef = E054E9061A97CC4A00F397A8 /* ImagesTableViewController.m */; };
		E054E9481A9928E900F397A8 /* User.m in Sources */ = {isa = PBXBuildFile; fileRef = E054E9471A9928E900F397A8 /* User.m */; };
		E054E94B1A99291600F397A8 /* Media.m in Sources */ = {isa = PBXBuildFile; fileRef = E054E94A1A99291600F397A8 /* Media.m */; };
		E054E94E1A99296F00F397A8 /* Comment.m in Sources */ = {isa = PBXBuildFile; fileRef = E054E94D1A99296F00F397A8 /* Comment.m */; };
		E054E9511A9929D900F397A8 /* DataSource.m in Sources */ = {isa = PBXBuildFile; fileRef = E054E9501A9929D900F397A8 /* DataSource.m */; };
		E054E9541A9A5CCB00F397A8 /* MediaTableViewCell.m in Sources */ = {isa = PBXBuildFile; fileRef = E054E9531A9A5CCB00F397A8 /* MediaTableViewCell.m */; };
		E054E9571A9BF29F00F397A8 /* LoginViewController.m in Sources */ = {isa = PBXBuildFile; fileRef = E054E9561A9BF29F00F397A8 /* LoginViewController.m */; };
		E070B7AC1A9E6BA400842A20 /* MediaFullScreenViewController.m in Sources */ = {isa = PBXBuildFile; fileRef = E070B7AB1A9E6BA400842A20 /* MediaFullScreenViewController.m */; };
		E070B7AF1A9E716100842A20 /* MediaFullScreenAnimator.m in Sources */ = {isa = PBXBuildFile; fileRef = E070B7AE1A9E716100842A20 /* MediaFullScreenAnimator.m */; };
		E070B7B51A9F987800842A20 /* ShareViewController.m in Sources */ = {isa = PBXBuildFile; fileRef = E070B7B41A9F987800842A20 /* ShareViewController.m */; };
		E07CBDF21A9D41D90007106B /* .gitignore in Resources */ = {isa = PBXBuildFile; fileRef = E07CBDF11A9D41D90007106B /* .gitignore */; };
/* End PBXBuildFile section */

/* Begin PBXContainerItemProxy section */
		E054E8E11A97CB3B00F397A8 /* PBXContainerItemProxy */ = {
			isa = PBXContainerItemProxy;
			containerPortal = E054E8BF1A97CB3A00F397A8 /* Project object */;
			proxyType = 1;
			remoteGlobalIDString = E054E8C61A97CB3B00F397A8;
			remoteInfo = Blocstagram;
		};
/* End PBXContainerItemProxy section */

/* Begin PBXFileReference section */
		53ACBE7830589AB410BB8FCC /* Pods.debug.xcconfig */ = {isa = PBXFileReference; includeInIndex = 1; lastKnownFileType = text.xcconfig; name = Pods.debug.xcconfig; path = "Pods/Target Support Files/Pods/Pods.debug.xcconfig"; sourceTree = "<group>"; };
		E00F87DC1AA28B6700C1D4A9 /* ComposeCommentView.h */ = {isa = PBXFileReference; fileEncoding = 4; lastKnownFileType = sourcecode.c.h; path = ComposeCommentView.h; sourceTree = "<group>"; };
		E00F87DD1AA28B6700C1D4A9 /* ComposeCommentView.m */ = {isa = PBXFileReference; fileEncoding = 4; lastKnownFileType = sourcecode.c.objc; path = ComposeCommentView.m; sourceTree = "<group>"; };
		E04A80001AA135440024978F /* CircleSpinnerView.h */ = {isa = PBXFileReference; fileEncoding = 4; lastKnownFileType = sourcecode.c.h; path = CircleSpinnerView.h; sourceTree = "<group>"; };
		E04A80011AA135440024978F /* CircleSpinnerView.m */ = {isa = PBXFileReference; fileEncoding = 4; lastKnownFileType = sourcecode.c.objc; path = CircleSpinnerView.m; sourceTree = "<group>"; };
		E04A80031AA138600024978F /* LikeButton.h */ = {isa = PBXFileReference; fileEncoding = 4; lastKnownFileType = sourcecode.c.h; path = LikeButton.h; sourceTree = "<group>"; };
		E04A80041AA138600024978F /* LikeButton.m */ = {isa = PBXFileReference; fileEncoding = 4; lastKnownFileType = sourcecode.c.objc; path = LikeButton.m; sourceTree = "<group>"; };
		E054E8C71A97CB3B00F397A8 /* Blocstagram.app */ = {isa = PBXFileReference; explicitFileType = wrapper.application; includeInIndex = 0; path = Blocstagram.app; sourceTree = BUILT_PRODUCTS_DIR; };
		E054E8CB1A97CB3B00F397A8 /* Info.plist */ = {isa = PBXFileReference; lastKnownFileType = text.plist.xml; path = Info.plist; sourceTree = "<group>"; };
		E054E8CC1A97CB3B00F397A8 /* main.m */ = {isa = PBXFileReference; lastKnownFileType = sourcecode.c.objc; path = main.m; sourceTree = "<group>"; };
		E054E8CE1A97CB3B00F397A8 /* AppDelegate.h */ = {isa = PBXFileReference; lastKnownFileType = sourcecode.c.h; path = AppDelegate.h; sourceTree = "<group>"; };
		E054E8CF1A97CB3B00F397A8 /* AppDelegate.m */ = {isa = PBXFileReference; lastKnownFileType = sourcecode.c.objc; path = AppDelegate.m; sourceTree = "<group>"; };
		E054E8D11A97CB3B00F397A8 /* ViewController.h */ = {isa = PBXFileReference; lastKnownFileType = sourcecode.c.h; path = ViewController.h; sourceTree = "<group>"; };
		E054E8D21A97CB3B00F397A8 /* ViewController.m */ = {isa = PBXFileReference; lastKnownFileType = sourcecode.c.objc; path = ViewController.m; sourceTree = "<group>"; };
		E054E8D71A97CB3B00F397A8 /* Images.xcassets */ = {isa = PBXFileReference; lastKnownFileType = folder.assetcatalog; path = Images.xcassets; sourceTree = "<group>"; };
		E054E8DA1A97CB3B00F397A8 /* Base */ = {isa = PBXFileReference; lastKnownFileType = file.xib; name = Base; path = Base.lproj/LaunchScreen.xib; sourceTree = "<group>"; };
		E054E8E01A97CB3B00F397A8 /* BlocstagramTests.xctest */ = {isa = PBXFileReference; explicitFileType = wrapper.cfbundle; includeInIndex = 0; path = BlocstagramTests.xctest; sourceTree = BUILT_PRODUCTS_DIR; };
		E054E8E51A97CB3B00F397A8 /* Info.plist */ = {isa = PBXFileReference; lastKnownFileType = text.plist.xml; path = Info.plist; sourceTree = "<group>"; };
		E054E8E61A97CB3B00F397A8 /* BlocstagramTests.m */ = {isa = PBXFileReference; lastKnownFileType = sourcecode.c.objc; path = BlocstagramTests.m; sourceTree = "<group>"; };
		E054E8F11A97CBD300F397A8 /* 1.jpg */ = {isa = PBXFileReference; lastKnownFileType = image.jpeg; path = 1.jpg; sourceTree = "<group>"; };
		E054E8F21A97CBD300F397A8 /* 2.jpg */ = {isa = PBXFileReference; lastKnownFileType = image.jpeg; path = 2.jpg; sourceTree = "<group>"; };
		E054E8F31A97CBD300F397A8 /* 3.jpg */ = {isa = PBXFileReference; lastKnownFileType = image.jpeg; path = 3.jpg; sourceTree = "<group>"; };
		E054E8F41A97CBD300F397A8 /* 4.jpg */ = {isa = PBXFileReference; lastKnownFileType = image.jpeg; path = 4.jpg; sourceTree = "<group>"; };
		E054E8F51A97CBD300F397A8 /* 5.jpg */ = {isa = PBXFileReference; lastKnownFileType = image.jpeg; path = 5.jpg; sourceTree = "<group>"; };
		E054E8F61A97CBD300F397A8 /* 6.jpg */ = {isa = PBXFileReference; lastKnownFileType = image.jpeg; path = 6.jpg; sourceTree = "<group>"; };
		E054E8F71A97CBD300F397A8 /* 7.jpg */ = {isa = PBXFileReference; lastKnownFileType = image.jpeg; path = 7.jpg; sourceTree = "<group>"; };
		E054E8F81A97CBD300F397A8 /* 8.jpg */ = {isa = PBXFileReference; lastKnownFileType = image.jpeg; path = 8.jpg; sourceTree = "<group>"; };
		E054E8F91A97CBD300F397A8 /* 9.jpg */ = {isa = PBXFileReference; lastKnownFileType = image.jpeg; path = 9.jpg; sourceTree = "<group>"; };
		E054E8FA1A97CBD300F397A8 /* 10.jpg */ = {isa = PBXFileReference; lastKnownFileType = image.jpeg; path = 10.jpg; sourceTree = "<group>"; };
		E054E9051A97CC4A00F397A8 /* ImagesTableViewController.h */ = {isa = PBXFileReference; fileEncoding = 4; lastKnownFileType = sourcecode.c.h; name = ImagesTableViewController.h; path = ../ImagesTableViewController.h; sourceTree = "<group>"; };
		E054E9061A97CC4A00F397A8 /* ImagesTableViewController.m */ = {isa = PBXFileReference; fileEncoding = 4; lastKnownFileType = sourcecode.c.objc; name = ImagesTableViewController.m; path = ../ImagesTableViewController.m; sourceTree = "<group>"; };
		E054E9461A9928E900F397A8 /* User.h */ = {isa = PBXFileReference; fileEncoding = 4; lastKnownFileType = sourcecode.c.h; path = User.h; sourceTree = "<group>"; };
		E054E9471A9928E900F397A8 /* User.m */ = {isa = PBXFileReference; fileEncoding = 4; lastKnownFileType = sourcecode.c.objc; path = User.m; sourceTree = "<group>"; };
		E054E9491A99291600F397A8 /* Media.h */ = {isa = PBXFileReference; fileEncoding = 4; lastKnownFileType = sourcecode.c.h; path = Media.h; sourceTree = "<group>"; };
		E054E94A1A99291600F397A8 /* Media.m */ = {isa = PBXFileReference; fileEncoding = 4; lastKnownFileType = sourcecode.c.objc; path = Media.m; sourceTree = "<group>"; };
		E054E94C1A99296F00F397A8 /* Comment.h */ = {isa = PBXFileReference; fileEncoding = 4; lastKnownFileType = sourcecode.c.h; path = Comment.h; sourceTree = "<group>"; };
		E054E94D1A99296F00F397A8 /* Comment.m */ = {isa = PBXFileReference; fileEncoding = 4; lastKnownFileType = sourcecode.c.objc; path = Comment.m; sourceTree = "<group>"; };
		E054E94F1A9929D900F397A8 /* DataSource.h */ = {isa = PBXFileReference; fileEncoding = 4; lastKnownFileType = sourcecode.c.h; path = DataSource.h; sourceTree = "<group>"; };
		E054E9501A9929D900F397A8 /* DataSource.m */ = {isa = PBXFileReference; fileEncoding = 4; lastKnownFileType = sourcecode.c.objc; path = DataSource.m; sourceTree = "<group>"; };
		E054E9521A9A5CCB00F397A8 /* MediaTableViewCell.h */ = {isa = PBXFileReference; fileEncoding = 4; lastKnownFileType = sourcecode.c.h; path = MediaTableViewCell.h; sourceTree = "<group>"; };
		E054E9531A9A5CCB00F397A8 /* MediaTableViewCell.m */ = {isa = PBXFileReference; fileEncoding = 4; lastKnownFileType = sourcecode.c.objc; path = MediaTableViewCell.m; sourceTree = "<group>"; };
		E054E9551A9BF29F00F397A8 /* LoginViewController.h */ = {isa = PBXFileReference; fileEncoding = 4; lastKnownFileType = sourcecode.c.h; path = LoginViewController.h; sourceTree = "<group>"; };
		E054E9561A9BF29F00F397A8 /* LoginViewController.m */ = {isa = PBXFileReference; fileEncoding = 4; lastKnownFileType = sourcecode.c.objc; path = LoginViewController.m; sourceTree = "<group>"; };
		E070B7AA1A9E6BA400842A20 /* MediaFullScreenViewController.h */ = {isa = PBXFileReference; fileEncoding = 4; lastKnownFileType = sourcecode.c.h; path = MediaFullScreenViewController.h; sourceTree = "<group>"; };
		E070B7AB1A9E6BA400842A20 /* MediaFullScreenViewController.m */ = {isa = PBXFileReference; fileEncoding = 4; lastKnownFileType = sourcecode.c.objc; path = MediaFullScreenViewController.m; sourceTree = "<group>"; };
		E070B7AD1A9E716100842A20 /* MediaFullScreenAnimator.h */ = {isa = PBXFileReference; fileEncoding = 4; lastKnownFileType = sourcecode.c.h; path = MediaFullScreenAnimator.h; sourceTree = "<group>"; };
		E070B7AE1A9E716100842A20 /* MediaFullScreenAnimator.m */ = {isa = PBXFileReference; fileEncoding = 4; lastKnownFileType = sourcecode.c.objc; path = MediaFullScreenAnimator.m; sourceTree = "<group>"; };
		E070B7B31A9F987800842A20 /* ShareViewController.h */ = {isa = PBXFileReference; fileEncoding = 4; lastKnownFileType = sourcecode.c.h; path = ShareViewController.h; sourceTree = "<group>"; };
		E070B7B41A9F987800842A20 /* ShareViewController.m */ = {isa = PBXFileReference; fileEncoding = 4; lastKnownFileType = sourcecode.c.objc; path = ShareViewController.m; sourceTree = "<group>"; };
		E07CBDF11A9D41D90007106B /* .gitignore */ = {isa = PBXFileReference; fileEncoding = 4; lastKnownFileType = text; path = .gitignore; sourceTree = "<group>"; };
		EA76A1D9EFDF47BC55865E2D /* libPods.a */ = {isa = PBXFileReference; explicitFileType = archive.ar; includeInIndex = 0; path = libPods.a; sourceTree = BUILT_PRODUCTS_DIR; };
		FD6102A40DC499A051E354DD /* Pods.release.xcconfig */ = {isa = PBXFileReference; includeInIndex = 1; lastKnownFileType = text.xcconfig; name = Pods.release.xcconfig; path = "Pods/Target Support Files/Pods/Pods.release.xcconfig"; sourceTree = "<group>"; };
/* End PBXFileReference section */

/* Begin PBXFrameworksBuildPhase section */
		E054E8C41A97CB3B00F397A8 /* Frameworks */ = {
			isa = PBXFrameworksBuildPhase;
			buildActionMask = 2147483647;
			files = (
				264BEF50DFAD64636FD78C90 /* libPods.a in Frameworks */,
			);
			runOnlyForDeploymentPostprocessing = 0;
		};
		E054E8DD1A97CB3B00F397A8 /* Frameworks */ = {
			isa = PBXFrameworksBuildPhase;
			buildActionMask = 2147483647;
			files = (
			);
			runOnlyForDeploymentPostprocessing = 0;
		};
/* End PBXFrameworksBuildPhase section */

/* Begin PBXGroup section */
		9EB70404565F967AC73B0C40 /* Frameworks */ = {
			isa = PBXGroup;
			children = (
				EA76A1D9EFDF47BC55865E2D /* libPods.a */,
			);
			name = Frameworks;
			sourceTree = "<group>";
		};
		E054E8BE1A97CB3A00F397A8 = {
			isa = PBXGroup;
			children = (
				E07CBDF11A9D41D90007106B /* .gitignore */,
				E054E8C91A97CB3B00F397A8 /* Blocstagram */,
				E054E8E31A97CB3B00F397A8 /* BlocstagramTests */,
				E054E8C81A97CB3B00F397A8 /* Products */,
				E83CDD39FD9DDB12ABBEBD53 /* Pods */,
				9EB70404565F967AC73B0C40 /* Frameworks */,
			);
			sourceTree = "<group>";
		};
		E054E8C81A97CB3B00F397A8 /* Products */ = {
			isa = PBXGroup;
			children = (
				E054E8C71A97CB3B00F397A8 /* Blocstagram.app */,
				E054E8E01A97CB3B00F397A8 /* BlocstagramTests.xctest */,
			);
			name = Products;
			sourceTree = "<group>";
		};
		E054E8C91A97CB3B00F397A8 /* Blocstagram */ = {
			isa = PBXGroup;
			children = (
				E054E8F01A97CB9C00F397A8 /* Images */,
				E054E8CE1A97CB3B00F397A8 /* AppDelegate.h */,
				E054E8CF1A97CB3B00F397A8 /* AppDelegate.m */,
				E054E8D11A97CB3B00F397A8 /* ViewController.h */,
				E054E8D21A97CB3B00F397A8 /* ViewController.m */,
				E054E9051A97CC4A00F397A8 /* ImagesTableViewController.h */,
				E054E9061A97CC4A00F397A8 /* ImagesTableViewController.m */,
				E04A80001AA135440024978F /* CircleSpinnerView.h */,
				E04A80011AA135440024978F /* CircleSpinnerView.m */,
				E04A80031AA138600024978F /* LikeButton.h */,
				E04A80041AA138600024978F /* LikeButton.m */,
				E054E9521A9A5CCB00F397A8 /* MediaTableViewCell.h */,
				E054E9531A9A5CCB00F397A8 /* MediaTableViewCell.m */,
				E070B7B31A9F987800842A20 /* ShareViewController.h */,
				E00F87DC1AA28B6700C1D4A9 /* ComposeCommentView.h */,
				E00F87DD1AA28B6700C1D4A9 /* ComposeCommentView.m */,
				E070B7B41A9F987800842A20 /* ShareViewController.m */,
				E070B7AA1A9E6BA400842A20 /* MediaFullScreenViewController.h */,
				E070B7AB1A9E6BA400842A20 /* MediaFullScreenViewController.m */,
				E054E9461A9928E900F397A8 /* User.h */,
				E054E9471A9928E900F397A8 /* User.m */,
				E070B7AD1A9E716100842A20 /* MediaFullScreenAnimator.h */,
				E070B7AE1A9E716100842A20 /* MediaFullScreenAnimator.m */,
				E054E9491A99291600F397A8 /* Media.h */,
				E054E94A1A99291600F397A8 /* Media.m */,
				E054E94C1A99296F00F397A8 /* Comment.h */,
				E054E94D1A99296F00F397A8 /* Comment.m */,
				E054E94F1A9929D900F397A8 /* DataSource.h */,
				E054E9501A9929D900F397A8 /* DataSource.m */,
				E054E9551A9BF29F00F397A8 /* LoginViewController.h */,
				E054E9561A9BF29F00F397A8 /* LoginViewController.m */,
				E054E8D71A97CB3B00F397A8 /* Images.xcassets */,
				E054E8D91A97CB3B00F397A8 /* LaunchScreen.xib */,
				E054E8CA1A97CB3B00F397A8 /* Supporting Files */,
			);
			path = Blocstagram;
			sourceTree = "<group>";
		};
		E054E8CA1A97CB3B00F397A8 /* Supporting Files */ = {
			isa = PBXGroup;
			children = (
				E054E8CB1A97CB3B00F397A8 /* Info.plist */,
				E054E8CC1A97CB3B00F397A8 /* main.m */,
			);
			name = "Supporting Files";
			sourceTree = "<group>";
		};
		E054E8E31A97CB3B00F397A8 /* BlocstagramTests */ = {
			isa = PBXGroup;
			children = (
				E054E8E61A97CB3B00F397A8 /* BlocstagramTests.m */,
				E054E8E41A97CB3B00F397A8 /* Supporting Files */,
			);
			path = BlocstagramTests;
			sourceTree = "<group>";
		};
		E054E8E41A97CB3B00F397A8 /* Supporting Files */ = {
			isa = PBXGroup;
			children = (
				E054E8E51A97CB3B00F397A8 /* Info.plist */,
			);
			name = "Supporting Files";
			sourceTree = "<group>";
		};
		E054E8F01A97CB9C00F397A8 /* Images */ = {
			isa = PBXGroup;
			children = (
				E054E8F11A97CBD300F397A8 /* 1.jpg */,
				E054E8F21A97CBD300F397A8 /* 2.jpg */,
				E054E8F31A97CBD300F397A8 /* 3.jpg */,
				E054E8F41A97CBD300F397A8 /* 4.jpg */,
				E054E8F51A97CBD300F397A8 /* 5.jpg */,
				E054E8F61A97CBD300F397A8 /* 6.jpg */,
				E054E8F71A97CBD300F397A8 /* 7.jpg */,
				E054E8F81A97CBD300F397A8 /* 8.jpg */,
				E054E8F91A97CBD300F397A8 /* 9.jpg */,
				E054E8FA1A97CBD300F397A8 /* 10.jpg */,
			);
			name = Images;
			sourceTree = "<group>";
		};
		E83CDD39FD9DDB12ABBEBD53 /* Pods */ = {
			isa = PBXGroup;
			children = (
				53ACBE7830589AB410BB8FCC /* Pods.debug.xcconfig */,
				FD6102A40DC499A051E354DD /* Pods.release.xcconfig */,
			);
			name = Pods;
			sourceTree = "<group>";
		};
/* End PBXGroup section */

/* Begin PBXNativeTarget section */
		E054E8C61A97CB3B00F397A8 /* Blocstagram */ = {
			isa = PBXNativeTarget;
			buildConfigurationList = E054E8EA1A97CB3B00F397A8 /* Build configuration list for PBXNativeTarget "Blocstagram" */;
			buildPhases = (
				EDAD6136A87CC6C18F0619A9 /* Check Pods Manifest.lock */,
				E054E8C31A97CB3B00F397A8 /* Sources */,
				E054E8C41A97CB3B00F397A8 /* Frameworks */,
				E054E8C51A97CB3B00F397A8 /* Resources */,
				F386795F0D9FEC7FF5131EC9 /* Copy Pods Resources */,
			);
			buildRules = (
			);
			dependencies = (
			);
			name = Blocstagram;
			productName = Blocstagram;
			productReference = E054E8C71A97CB3B00F397A8 /* Blocstagram.app */;
			productType = "com.apple.product-type.application";
		};
		E054E8DF1A97CB3B00F397A8 /* BlocstagramTests */ = {
			isa = PBXNativeTarget;
			buildConfigurationList = E054E8ED1A97CB3B00F397A8 /* Build configuration list for PBXNativeTarget "BlocstagramTests" */;
			buildPhases = (
				E054E8DC1A97CB3B00F397A8 /* Sources */,
				E054E8DD1A97CB3B00F397A8 /* Frameworks */,
				E054E8DE1A97CB3B00F397A8 /* Resources */,
			);
			buildRules = (
			);
			dependencies = (
				E054E8E21A97CB3B00F397A8 /* PBXTargetDependency */,
			);
			name = BlocstagramTests;
			productName = BlocstagramTests;
			productReference = E054E8E01A97CB3B00F397A8 /* BlocstagramTests.xctest */;
			productType = "com.apple.product-type.bundle.unit-test";
		};
/* End PBXNativeTarget section */

/* Begin PBXProject section */
		E054E8BF1A97CB3A00F397A8 /* Project object */ = {
			isa = PBXProject;
			attributes = {
				LastUpgradeCheck = 0610;
				ORGANIZATIONNAME = "Adam Nigon";
				TargetAttributes = {
					E054E8C61A97CB3B00F397A8 = {
						CreatedOnToolsVersion = 6.1.1;
					};
					E054E8DF1A97CB3B00F397A8 = {
						CreatedOnToolsVersion = 6.1.1;
						TestTargetID = E054E8C61A97CB3B00F397A8;
					};
				};
			};
			buildConfigurationList = E054E8C21A97CB3A00F397A8 /* Build configuration list for PBXProject "Blocstagram" */;
			compatibilityVersion = "Xcode 3.2";
			developmentRegion = English;
			hasScannedForEncodings = 0;
			knownRegions = (
				en,
				Base,
			);
			mainGroup = E054E8BE1A97CB3A00F397A8;
			productRefGroup = E054E8C81A97CB3B00F397A8 /* Products */;
			projectDirPath = "";
			projectRoot = "";
			targets = (
				E054E8C61A97CB3B00F397A8 /* Blocstagram */,
				E054E8DF1A97CB3B00F397A8 /* BlocstagramTests */,
			);
		};
/* End PBXProject section */

/* Begin PBXResourcesBuildPhase section */
		E054E8C51A97CB3B00F397A8 /* Resources */ = {
			isa = PBXResourcesBuildPhase;
			buildActionMask = 2147483647;
			files = (
				E054E9041A97CBD300F397A8 /* 10.jpg in Resources */,
				E054E9021A97CBD300F397A8 /* 8.jpg in Resources */,
				E054E9001A97CBD300F397A8 /* 6.jpg in Resources */,
				E054E8FF1A97CBD300F397A8 /* 5.jpg in Resources */,
				E054E8FE1A97CBD300F397A8 /* 4.jpg in Resources */,
				E054E8FB1A97CBD300F397A8 /* 1.jpg in Resources */,
				E054E8FC1A97CBD300F397A8 /* 2.jpg in Resources */,
				E054E8FD1A97CBD300F397A8 /* 3.jpg in Resources */,
				E054E9011A97CBD300F397A8 /* 7.jpg in Resources */,
				E054E9031A97CBD300F397A8 /* 9.jpg in Resources */,
				E054E8DB1A97CB3B00F397A8 /* LaunchScreen.xib in Resources */,
				E07CBDF21A9D41D90007106B /* .gitignore in Resources */,
				E054E8D81A97CB3B00F397A8 /* Images.xcassets in Resources */,
			);
			runOnlyForDeploymentPostprocessing = 0;
		};
		E054E8DE1A97CB3B00F397A8 /* Resources */ = {
			isa = PBXResourcesBuildPhase;
			buildActionMask = 2147483647;
			files = (
			);
			runOnlyForDeploymentPostprocessing = 0;
		};
/* End PBXResourcesBuildPhase section */

/* Begin PBXShellScriptBuildPhase section */
		EDAD6136A87CC6C18F0619A9 /* Check Pods Manifest.lock */ = {
			isa = PBXShellScriptBuildPhase;
			buildActionMask = 2147483647;
			files = (
			);
			inputPaths = (
			);
			name = "Check Pods Manifest.lock";
			outputPaths = (
			);
			runOnlyForDeploymentPostprocessing = 0;
			shellPath = /bin/sh;
			shellScript = "diff \"${PODS_ROOT}/../Podfile.lock\" \"${PODS_ROOT}/Manifest.lock\" > /dev/null\nif [[ $? != 0 ]] ; then\n    cat << EOM\nerror: The sandbox is not in sync with the Podfile.lock. Run 'pod install' or update your CocoaPods installation.\nEOM\n    exit 1\nfi\n";
			showEnvVarsInLog = 0;
		};
		F386795F0D9FEC7FF5131EC9 /* Copy Pods Resources */ = {
			isa = PBXShellScriptBuildPhase;
			buildActionMask = 2147483647;
			files = (
			);
			inputPaths = (
			);
			name = "Copy Pods Resources";
			outputPaths = (
			);
			runOnlyForDeploymentPostprocessing = 0;
			shellPath = /bin/sh;
			shellScript = "\"${SRCROOT}/Pods/Target Support Files/Pods/Pods-resources.sh\"\n";
			showEnvVarsInLog = 0;
		};
/* End PBXShellScriptBuildPhase section */

/* Begin PBXSourcesBuildPhase section */
		E054E8C31A97CB3B00F397A8 /* Sources */ = {
			isa = PBXSourcesBuildPhase;
			buildActionMask = 2147483647;
			files = (
				E054E94E1A99296F00F397A8 /* Comment.m in Sources */,
				E054E94B1A99291600F397A8 /* Media.m in Sources */,
				E054E9541A9A5CCB00F397A8 /* MediaTableViewCell.m in Sources */,
				E00F87DE1AA28B6700C1D4A9 /* ComposeCommentView.m in Sources */,
				E054E9511A9929D900F397A8 /* DataSource.m in Sources */,
				E04A80021AA135440024978F /* CircleSpinnerView.m in Sources */,
				E054E9571A9BF29F00F397A8 /* LoginViewController.m in Sources */,
				E054E9481A9928E900F397A8 /* User.m in Sources */,
				E054E8D31A97CB3B00F397A8 /* ViewController.m in Sources */,
				E070B7AC1A9E6BA400842A20 /* MediaFullScreenViewController.m in Sources */,
				E054E8D01A97CB3B00F397A8 /* AppDelegate.m in Sources */,
				E054E8CD1A97CB3B00F397A8 /* main.m in Sources */,
				E04A80051AA138600024978F /* LikeButton.m in Sources */,
				E070B7B51A9F987800842A20 /* ShareViewController.m in Sources */,
				E070B7AF1A9E716100842A20 /* MediaFullScreenAnimator.m in Sources */,
				E054E9071A97CC4A00F397A8 /* ImagesTableViewController.m in Sources */,
			);
			runOnlyForDeploymentPostprocessing = 0;
		};
		E054E8DC1A97CB3B00F397A8 /* Sources */ = {
			isa = PBXSourcesBuildPhase;
			buildActionMask = 2147483647;
			files = (
				E054E8E71A97CB3B00F397A8 /* BlocstagramTests.m in Sources */,
			);
			runOnlyForDeploymentPostprocessing = 0;
		};
/* End PBXSourcesBuildPhase section */

/* Begin PBXTargetDependency section */
		E054E8E21A97CB3B00F397A8 /* PBXTargetDependency */ = {
			isa = PBXTargetDependency;
			target = E054E8C61A97CB3B00F397A8 /* Blocstagram */;
			targetProxy = E054E8E11A97CB3B00F397A8 /* PBXContainerItemProxy */;
		};
/* End PBXTargetDependency section */

/* Begin PBXVariantGroup section */
		E054E8D91A97CB3B00F397A8 /* LaunchScreen.xib */ = {
			isa = PBXVariantGroup;
			children = (
				E054E8DA1A97CB3B00F397A8 /* Base */,
			);
			name = LaunchScreen.xib;
			sourceTree = "<group>";
		};
/* End PBXVariantGroup section */

/* Begin XCBuildConfiguration section */
		E054E8E81A97CB3B00F397A8 /* Debug */ = {
			isa = XCBuildConfiguration;
			buildSettings = {
				ALWAYS_SEARCH_USER_PATHS = NO;
				CLANG_CXX_LANGUAGE_STANDARD = "gnu++0x";
				CLANG_CXX_LIBRARY = "libc++";
				CLANG_ENABLE_MODULES = YES;
				CLANG_ENABLE_OBJC_ARC = YES;
				CLANG_WARN_BOOL_CONVERSION = YES;
				CLANG_WARN_CONSTANT_CONVERSION = YES;
				CLANG_WARN_DIRECT_OBJC_ISA_USAGE = YES_ERROR;
				CLANG_WARN_EMPTY_BODY = YES;
				CLANG_WARN_ENUM_CONVERSION = YES;
				CLANG_WARN_INT_CONVERSION = YES;
				CLANG_WARN_OBJC_ROOT_CLASS = YES_ERROR;
				CLANG_WARN_UNREACHABLE_CODE = YES;
				CLANG_WARN__DUPLICATE_METHOD_MATCH = YES;
				"CODE_SIGN_IDENTITY[sdk=iphoneos*]" = "iPhone Developer";
				COPY_PHASE_STRIP = NO;
				ENABLE_STRICT_OBJC_MSGSEND = YES;
				GCC_C_LANGUAGE_STANDARD = gnu99;
				GCC_DYNAMIC_NO_PIC = NO;
				GCC_OPTIMIZATION_LEVEL = 0;
				GCC_PREPROCESSOR_DEFINITIONS = (
					"DEBUG=1",
					"$(inherited)",
				);
				GCC_SYMBOLS_PRIVATE_EXTERN = NO;
				GCC_WARN_64_TO_32_BIT_CONVERSION = YES;
				GCC_WARN_ABOUT_RETURN_TYPE = YES_ERROR;
				GCC_WARN_UNDECLARED_SELECTOR = YES;
				GCC_WARN_UNINITIALIZED_AUTOS = YES_AGGRESSIVE;
				GCC_WARN_UNUSED_FUNCTION = YES;
				GCC_WARN_UNUSED_VARIABLE = YES;
				IPHONEOS_DEPLOYMENT_TARGET = 8.1;
				MTL_ENABLE_DEBUG_INFO = YES;
				ONLY_ACTIVE_ARCH = YES;
				SDKROOT = iphoneos;
				TARGETED_DEVICE_FAMILY = "1,2";
			};
			name = Debug;
		};
		E054E8E91A97CB3B00F397A8 /* Release */ = {
			isa = XCBuildConfiguration;
			buildSettings = {
				ALWAYS_SEARCH_USER_PATHS = NO;
				CLANG_CXX_LANGUAGE_STANDARD = "gnu++0x";
				CLANG_CXX_LIBRARY = "libc++";
				CLANG_ENABLE_MODULES = YES;
				CLANG_ENABLE_OBJC_ARC = YES;
				CLANG_WARN_BOOL_CONVERSION = YES;
				CLANG_WARN_CONSTANT_CONVERSION = YES;
				CLANG_WARN_DIRECT_OBJC_ISA_USAGE = YES_ERROR;
				CLANG_WARN_EMPTY_BODY = YES;
				CLANG_WARN_ENUM_CONVERSION = YES;
				CLANG_WARN_INT_CONVERSION = YES;
				CLANG_WARN_OBJC_ROOT_CLASS = YES_ERROR;
				CLANG_WARN_UNREACHABLE_CODE = YES;
				CLANG_WARN__DUPLICATE_METHOD_MATCH = YES;
				"CODE_SIGN_IDENTITY[sdk=iphoneos*]" = "iPhone Developer";
				COPY_PHASE_STRIP = YES;
				ENABLE_NS_ASSERTIONS = NO;
				ENABLE_STRICT_OBJC_MSGSEND = YES;
				GCC_C_LANGUAGE_STANDARD = gnu99;
				GCC_WARN_64_TO_32_BIT_CONVERSION = YES;
				GCC_WARN_ABOUT_RETURN_TYPE = YES_ERROR;
				GCC_WARN_UNDECLARED_SELECTOR = YES;
				GCC_WARN_UNINITIALIZED_AUTOS = YES_AGGRESSIVE;
				GCC_WARN_UNUSED_FUNCTION = YES;
				GCC_WARN_UNUSED_VARIABLE = YES;
				IPHONEOS_DEPLOYMENT_TARGET = 8.1;
				MTL_ENABLE_DEBUG_INFO = NO;
				SDKROOT = iphoneos;
				TARGETED_DEVICE_FAMILY = "1,2";
				VALIDATE_PRODUCT = YES;
			};
			name = Release;
		};
		E054E8EB1A97CB3B00F397A8 /* Debug */ = {
			isa = XCBuildConfiguration;
			baseConfigurationReference = 53ACBE7830589AB410BB8FCC /* Pods.debug.xcconfig */;
			buildSettings = {
				ASSETCATALOG_COMPILER_APPICON_NAME = AppIcon;
				INFOPLIST_FILE = Blocstagram/Info.plist;
				LD_RUNPATH_SEARCH_PATHS = "$(inherited) @executable_path/Frameworks";
				PRODUCT_NAME = "$(TARGET_NAME)";
			};
			name = Debug;
		};
		E054E8EC1A97CB3B00F397A8 /* Release */ = {
			isa = XCBuildConfiguration;
			baseConfigurationReference = FD6102A40DC499A051E354DD /* Pods.release.xcconfig */;
			buildSettings = {
				ASSETCATALOG_COMPILER_APPICON_NAME = AppIcon;
				INFOPLIST_FILE = Blocstagram/Info.plist;
				LD_RUNPATH_SEARCH_PATHS = "$(inherited) @executable_path/Frameworks";
				PRODUCT_NAME = "$(TARGET_NAME)";
			};
			name = Release;
		};
		E054E8EE1A97CB3B00F397A8 /* Debug */ = {
			isa = XCBuildConfiguration;
			buildSettings = {
				BUNDLE_LOADER = "$(TEST_HOST)";
				FRAMEWORK_SEARCH_PATHS = (
					"$(SDKROOT)/Developer/Library/Frameworks",
					"$(inherited)",
				);
				GCC_PREPROCESSOR_DEFINITIONS = (
					"DEBUG=1",
					"$(inherited)",
				);
				INFOPLIST_FILE = BlocstagramTests/Info.plist;
				LD_RUNPATH_SEARCH_PATHS = "$(inherited) @executable_path/Frameworks @loader_path/Frameworks";
				PRODUCT_NAME = "$(TARGET_NAME)";
				TEST_HOST = "$(BUILT_PRODUCTS_DIR)/Blocstagram.app/Blocstagram";
			};
			name = Debug;
		};
		E054E8EF1A97CB3B00F397A8 /* Release */ = {
			isa = XCBuildConfiguration;
			buildSettings = {
				BUNDLE_LOADER = "$(TEST_HOST)";
				FRAMEWORK_SEARCH_PATHS = (
					"$(SDKROOT)/Developer/Library/Frameworks",
					"$(inherited)",
				);
				INFOPLIST_FILE = BlocstagramTests/Info.plist;
				LD_RUNPATH_SEARCH_PATHS = "$(inherited) @executable_path/Frameworks @loader_path/Frameworks";
				PRODUCT_NAME = "$(TARGET_NAME)";
				TEST_HOST = "$(BUILT_PRODUCTS_DIR)/Blocstagram.app/Blocstagram";
			};
			name = Release;
		};
/* End XCBuildConfiguration section */

/* Begin XCConfigurationList section */
		E054E8C21A97CB3A00F397A8 /* Build configuration list for PBXProject "Blocstagram" */ = {
			isa = XCConfigurationList;
			buildConfigurations = (
				E054E8E81A97CB3B00F397A8 /* Debug */,
				E054E8E91A97CB3B00F397A8 /* Release */,
			);
			defaultConfigurationIsVisible = 0;
			defaultConfigurationName = Release;
		};
		E054E8EA1A97CB3B00F397A8 /* Build configuration list for PBXNativeTarget "Blocstagram" */ = {
			isa = XCConfigurationList;
			buildConfigurations = (
				E054E8EB1A97CB3B00F397A8 /* Debug */,
				E054E8EC1A97CB3B00F397A8 /* Release */,
			);
			defaultConfigurationIsVisible = 0;
			defaultConfigurationName = Release;
		};
		E054E8ED1A97CB3B00F397A8 /* Build configuration list for PBXNativeTarget "BlocstagramTests" */ = {
			isa = XCConfigurationList;
			buildConfigurations = (
				E054E8EE1A97CB3B00F397A8 /* Debug */,
				E054E8EF1A97CB3B00F397A8 /* Release */,
			);
			defaultConfigurationIsVisible = 0;
			defaultConfigurationName = Release;
		};
/* End XCConfigurationList section */
	};
	rootObject = E054E8BF1A97CB3A00F397A8 /* Project object */;
}
